
Microsoft Visual Studio Solution File, Format Version 12.00
# Visual Studio Version 17
VisualStudioVersion = 17.0.31903.59
MinimumVisualStudioVersion = 10.0.40219.1
Project("{FAE04EC0-301F-11D3-BF4B-00C04F79EFBC}") = "Projeto1_Web2_IF_Lucas", "Projeto1_Web2_IF_Lucas.csproj", "{0424F7BB-8933-455C-86DF-6C89DE919633}"
EndProject
Project("{FAE04EC0-301F-11D3-BF4B-00C04F79EFBC}") = "Projeto1_Web2_IF_Lucas.Tests", "tests\Projeto1_Web2_IF_Lucas.Tests.csproj", "{049A705B-965C-4AF3-8BB0-5D7661800677}"
EndProject
Global
	GlobalSection(SolutionConfigurationPlatforms) = preSolution
		Debug|Any CPU = Debug|Any CPU
		Release|Any CPU = Release|Any CPU
	EndGlobalSection
	GlobalSection(SolutionProperties) = preSolution
		HideSolutionNode = FALSE
	EndGlobalSection
	GlobalSection(ProjectConfigurationPlatforms) = postSolution
		{0424F7BB-8933-455C-86DF-6C89DE919633}.Debug|Any CPU.ActiveCfg = Debug|Any CPU
		{0424F7BB-8933-455C-86DF-6C89DE919633}.Debug|Any CPU.Build.0 = Debug|Any CPU
		{0424F7BB-8933-455C-86DF-6C89DE919633}.Release|Any CPU.ActiveCfg = Release|Any CPU
		{0424F7BB-8933-455C-86DF-6C89DE919633}.Release|Any CPU.Build.0 = Release|Any CPU
		{049A705B-965C-4AF3-8BB0-5D7661800677}.Debug|Any CPU.ActiveCfg = Debug|Any CPU
		{049A705B-965C-4AF3-8BB0-5D7661800677}.Debug|Any CPU.Build.0 = Debug|Any CPU
		{049A705B-965C-4AF3-8BB0-5D7661800677}.Release|Any CPU.ActiveCfg = Release|Any CPU
		{049A705B-965C-4AF3-8BB0-5D7661800677}.Release|Any CPU.Build.0 = Release|Any CPU
	EndGlobalSection
EndGlobal
